
Microsoft Visual Studio Solution File, Format Version 12.00
# Visual Studio Version 17
VisualStudioVersion = 17.10.35013.160
MinimumVisualStudioVersion = 10.0.40219.1
Project("{FAE04EC0-301F-11D3-BF4B-00C04F79EFBC}") = "Crowdfunding", "Crowdfunding\Crowdfunding.csproj", "{EE662C6D-380F-4C47-B48E-2213156FAFB4}"
EndProject
Global
	GlobalSection(SolutionConfigurationPlatforms) = preSolution
		Debug|Any CPU = Debug|Any CPU
		Release|Any CPU = Release|Any CPU
	EndGlobalSection
	GlobalSection(ProjectConfigurationPlatforms) = postSolution
		{EE662C6D-380F-4C47-B48E-2213156FAFB4}.Debug|Any CPU.ActiveCfg = Debug|Any CPU
		{EE662C6D-380F-4C47-B48E-2213156FAFB4}.Debug|Any CPU.Build.0 = Debug|Any CPU
		{EE662C6D-380F-4C47-B48E-2213156FAFB4}.Release|Any CPU.ActiveCfg = Release|Any CPU
		{EE662C6D-380F-4C47-B48E-2213156FAFB4}.Release|Any CPU.Build.0 = Release|Any CPU
	EndGlobalSection
	GlobalSection(SolutionProperties) = preSolution
		HideSolutionNode = FALSE
	EndGlobalSection
	GlobalSection(ExtensibilityGlobals) = postSolution
		SolutionGuid = {DB661313-558C-4BCD-888E-144BD488E445}
	EndGlobalSection
EndGlobal
